
Microsoft Visual Studio Solution File, Format Version 12.00
# Visual Studio Version 16
VisualStudioVersion = 16.0.30907.101
MinimumVisualStudioVersion = 10.0.40219.1
Project("{2150E333-8FDC-42A3-9474-1A3956D46DE8}") = "01.common", "01.common", "{6F3E25ED-BB00-4CA5-A3AE-28FB7FE37ADF}"
	ProjectSection(SolutionItems) = preProject
		.gitignore = .gitignore
	EndProjectSection
EndProject
Project("{2150E333-8FDC-42A3-9474-1A3956D46DE8}") = "02.bookcafe", "02.bookcafe", "{C049891B-05B2-4798-86C4-CBC0EEA46F23}"
EndProject
Project("{2150E333-8FDC-42A3-9474-1A3956D46DE8}") = "99.examples", "99.examples", "{E9A3D63F-7FBD-485D-95E2-CE98B55209F6}"
EndProject
Project("{8BC9CEB8-8B4A-11D0-8D11-00A0C91BC942}") = "git-ex01", "git-ex01\git-ex01.vcxproj", "{3B738880-009E-47F4-B2AC-A9FA3A09E7FD}"
EndProject
Project("{8BC9CEB8-8B4A-11D0-8D11-00A0C91BC942}") = "git-ex02", "git-ex02\git-ex02.vcxproj", "{8D5B0E14-487D-4C16-A6AF-8AF7986718F6}"
EndProject
Project("{2150E333-8FDC-42A3-9474-1A3956D46DE8}") = "01.멀티프로젝트예제", "01.멀티프로젝트예제", "{B4590C03-B707-4429-9552-CB1E687882F6}"
EndProject
Project("{2150E333-8FDC-42A3-9474-1A3956D46DE8}") = "02.열거형_Typedef", "02.열거형_Typedef", "{AD9CAE83-0300-4973-A5A6-32A8FF3AFEB5}"
EndProject
Project("{8BC9CEB8-8B4A-11D0-8D11-00A0C91BC942}") = "typedef", "typedef\typedef.vcxproj", "{2EA599E9-F612-42E5-B213-0D65EBC32561}"
EndProject
Project("{2150E333-8FDC-42A3-9474-1A3956D46DE8}") = "03.전처리기", "03.전처리기", "{65FC88B7-991B-43CE-ADC8-D2521D71862C}"
EndProject
Project("{8BC9CEB8-8B4A-11D0-8D11-00A0C91BC942}") = "preprocessor", "preprocessor\preprocessor.vcxproj", "{D1382653-7521-4F59-BCCB-A1030F71F857}"
EndProject
Global
	GlobalSection(SolutionConfigurationPlatforms) = preSolution
		Debug|x64 = Debug|x64
		Debug|x86 = Debug|x86
		Release|x64 = Release|x64
		Release|x86 = Release|x86
	EndGlobalSection
	GlobalSection(ProjectConfigurationPlatforms) = postSolution
		{3B738880-009E-47F4-B2AC-A9FA3A09E7FD}.Debug|x64.ActiveCfg = Debug|x64
		{3B738880-009E-47F4-B2AC-A9FA3A09E7FD}.Debug|x64.Build.0 = Debug|x64
		{3B738880-009E-47F4-B2AC-A9FA3A09E7FD}.Debug|x86.ActiveCfg = Debug|Win32
		{3B738880-009E-47F4-B2AC-A9FA3A09E7FD}.Debug|x86.Build.0 = Debug|Win32
		{3B738880-009E-47F4-B2AC-A9FA3A09E7FD}.Release|x64.ActiveCfg = Release|x64
		{3B738880-009E-47F4-B2AC-A9FA3A09E7FD}.Release|x64.Build.0 = Release|x64
		{3B738880-009E-47F4-B2AC-A9FA3A09E7FD}.Release|x86.ActiveCfg = Release|Win32
		{3B738880-009E-47F4-B2AC-A9FA3A09E7FD}.Release|x86.Build.0 = Release|Win32
		{8D5B0E14-487D-4C16-A6AF-8AF7986718F6}.Debug|x64.ActiveCfg = Debug|x64
		{8D5B0E14-487D-4C16-A6AF-8AF7986718F6}.Debug|x64.Build.0 = Debug|x64
		{8D5B0E14-487D-4C16-A6AF-8AF7986718F6}.Debug|x86.ActiveCfg = Debug|Win32
		{8D5B0E14-487D-4C16-A6AF-8AF7986718F6}.Debug|x86.Build.0 = Debug|Win32
		{8D5B0E14-487D-4C16-A6AF-8AF7986718F6}.Release|x64.ActiveCfg = Release|x64
		{8D5B0E14-487D-4C16-A6AF-8AF7986718F6}.Release|x64.Build.0 = Release|x64
		{8D5B0E14-487D-4C16-A6AF-8AF7986718F6}.Release|x86.ActiveCfg = Release|Win32
		{8D5B0E14-487D-4C16-A6AF-8AF7986718F6}.Release|x86.Build.0 = Release|Win32
		{2EA599E9-F612-42E5-B213-0D65EBC32561}.Debug|x64.ActiveCfg = Debug|x64
		{2EA599E9-F612-42E5-B213-0D65EBC32561}.Debug|x64.Build.0 = Debug|x64
		{2EA599E9-F612-42E5-B213-0D65EBC32561}.Debug|x86.ActiveCfg = Debug|Win32
		{2EA599E9-F612-42E5-B213-0D65EBC32561}.Debug|x86.Build.0 = Debug|Win32
		{2EA599E9-F612-42E5-B213-0D65EBC32561}.Release|x64.ActiveCfg = Release|x64
		{2EA599E9-F612-42E5-B213-0D65EBC32561}.Release|x64.Build.0 = Release|x64
		{2EA599E9-F612-42E5-B213-0D65EBC32561}.Release|x86.ActiveCfg = Release|Win32
		{2EA599E9-F612-42E5-B213-0D65EBC32561}.Release|x86.Build.0 = Release|Win32
		{D1382653-7521-4F59-BCCB-A1030F71F857}.Debug|x64.ActiveCfg = Debug|x64
		{D1382653-7521-4F59-BCCB-A1030F71F857}.Debug|x64.Build.0 = Debug|x64
		{D1382653-7521-4F59-BCCB-A1030F71F857}.Debug|x86.ActiveCfg = Debug|Win32
		{D1382653-7521-4F59-BCCB-A1030F71F857}.Debug|x86.Build.0 = Debug|Win32
		{D1382653-7521-4F59-BCCB-A1030F71F857}.Release|x64.ActiveCfg = Release|x64
		{D1382653-7521-4F59-BCCB-A1030F71F857}.Release|x64.Build.0 = Release|x64
		{D1382653-7521-4F59-BCCB-A1030F71F857}.Release|x86.ActiveCfg = Release|Win32
		{D1382653-7521-4F59-BCCB-A1030F71F857}.Release|x86.Build.0 = Release|Win32
	EndGlobalSection
	GlobalSection(SolutionProperties) = preSolution
		HideSolutionNode = FALSE
	EndGlobalSection
	GlobalSection(NestedProjects) = preSolution
		{3B738880-009E-47F4-B2AC-A9FA3A09E7FD} = {B4590C03-B707-4429-9552-CB1E687882F6}
		{8D5B0E14-487D-4C16-A6AF-8AF7986718F6} = {B4590C03-B707-4429-9552-CB1E687882F6}
		{B4590C03-B707-4429-9552-CB1E687882F6} = {E9A3D63F-7FBD-485D-95E2-CE98B55209F6}
		{AD9CAE83-0300-4973-A5A6-32A8FF3AFEB5} = {E9A3D63F-7FBD-485D-95E2-CE98B55209F6}
		{2EA599E9-F612-42E5-B213-0D65EBC32561} = {AD9CAE83-0300-4973-A5A6-32A8FF3AFEB5}
		{65FC88B7-991B-43CE-ADC8-D2521D71862C} = {E9A3D63F-7FBD-485D-95E2-CE98B55209F6}
		{D1382653-7521-4F59-BCCB-A1030F71F857} = {65FC88B7-991B-43CE-ADC8-D2521D71862C}
	EndGlobalSection
	GlobalSection(ExtensibilityGlobals) = postSolution
		SolutionGuid = {AB3897FC-DD83-468A-9B38-8C7CF1571371}
	EndGlobalSection
EndGlobal
